
Microsoft Visual Studio Solution File, Format Version 12.00
Project("{FAE04EC0-301F-11D3-BF4B-00C04F79EFBC}") = "Feedly", "Feedly\Feedly.csproj", "{D2A148D5-DF84-48F2-B140-16B97B360594}"
EndProject
Global
	GlobalSection(SolutionConfigurationPlatforms) = preSolution
		Debug|Any CPU = Debug|Any CPU
		Release|Any CPU = Release|Any CPU
	EndGlobalSection
	GlobalSection(ProjectConfigurationPlatforms) = postSolution
		{D2A148D5-DF84-48F2-B140-16B97B360594}.Debug|Any CPU.ActiveCfg = Debug|Any CPU
		{D2A148D5-DF84-48F2-B140-16B97B360594}.Debug|Any CPU.Build.0 = Debug|Any CPU
		{D2A148D5-DF84-48F2-B140-16B97B360594}.Release|Any CPU.ActiveCfg = Release|Any CPU
		{D2A148D5-DF84-48F2-B140-16B97B360594}.Release|Any CPU.Build.0 = Release|Any CPU
	EndGlobalSection
EndGlobal
